<Solution>
  <Folder Name="/docs/" />
  <Folder Name="/docs/architecture/" />
  <Folder Name="/docs/assets/" />
  <Folder Name="/docs/specs/">
    <File Path="SGSFromeWork_Architecture.md" />
  </Folder>
  <Folder Name="/Host/">
    <Project Path="Host/PhysLIMS.API/PhysLIMS.API.csproj" />
    <Project Path="Host/PhysLIMS.Controller/SGSFramework.ApiInfrastructure.csproj" />
  </Folder>
  <Folder Name="/Infrastructure/">
    <Project Path="Infrastructure/Enterprise.HttpSdk/Enterprise.HttpSdk.csproj" />
    <Project Path="Infrastructure/SGSFramework.AuditLog/SGSFramework.AuditLog.csproj" />
    <Project Path="Infrastructure/SGSFramework.AuthTokenBucket/SGSFramework.AuthTokenBucket.csproj" />
    <Project Path="Infrastructure/SGSFramework.CodeSecurity/SGSFramework.CodeSecurity.csproj" />
    <Project Path="Infrastructure/SGSFramework.DataProtection/SGSFramework.DataProtection.csproj" />
    <Project Path="Infrastructure/SGSFramework.Identity/SGSFramework.Identity.csproj" />
    <Project Path="Infrastructure/SGSFramework.ModulePlugin/SGSFramework.ModulePlugin.csproj" />
    <Project Path="Infrastructure/SGSFramework.Persistent/SGSFramework.Persistent.csproj" />
    <Project Path="Infrastructure/SGSFramework.SystemLog/SGSFramework.SystemLog.csproj" />
    <Project Path="Infrastructure/SGSFramework.VerifyLedger/SGSFramework.VerifyLedger.csproj" />
    <Project Path="SGSFramework.Alert/SGSFramework.Alert.csproj" Id="daca5d79-559f-4083-bd82-c9cc494fbf08" />
  </Folder>
  <Folder Name="/Modules/" />
  <Folder Name="/Modules/ORG/">
    <Project Path="Modules/ORG/Module.ORG.Application/SGS.Modules.ORG.Application.csproj" />
    <Project Path="Modules/ORG/Module.ORG.Infrastructure/SGS.Modules.ORG.Infrastructure.csproj" />
    <Project Path="Modules/ORG/Module.ORG/SGS.Modules.ORG.csproj" />
    <Project Path="SGS.Modules.ORG.Contracts/SGS.Modules.ORG.Contracts.csproj" Id="cd6b1c20-9e54-4299-aafb-b905813a2788" />
  </Folder>
  <Folder Name="/Shared/">
    <Project Path="Shared/SGSFramework.Core/SGSFramework.Core.csproj" />
  </Folder>
</Solution>
